{
  "name": "@ng-select/ng-select",
  "version": "3.2.0",
  "lockfileVersion": 2,
  "requires": true,
  "packages": {
    "": {
      "name": "@ng-select/ng-select",
      "version": "3.2.0",
      "license": "MIT",
      "dependencies": {
        "tslib": "^2.0.0"
      },
      "engines": {
        "node": ">= 10.0.0",
        "npm": ">= 3.0.0"
      },
      "peerDependencies": {
        "@angular/common": ">=11.0.0 <13.0.0",
        "@angular/core": ">=11.0.0 <13.0.0",
        "@angular/forms": ">=11.0.0 <13.0.0"
      }
    },
    "node_modules/@angular/common": {
      "version": "12.0.3",
      "resolved": "https://registry.npmjs.org/@angular/common/-/common-12.0.3.tgz",
      "integrity": "sha512-Y5wm7kr8XjS3Rsy2eitJxd9F1Z+pTWjioTg4o1PEUvsKwahGvJ+G3brNejswoTkj8YJjRTrUPyyW8JT+nWGkbA==",
      "peer": true,
      "dependencies": {
        "tslib": "^2.1.0"
      },
      "engines": {
        "node": "^12.14.1 || >=14.0.0"
      },
      "peerDependencies": {
        "@angular/core": "12.0.3",
        "rxjs": "^6.5.3"
      }
    },
    "node_modules/@angular/core": {
      "version": "12.0.3",
      "resolved": "https://registry.npmjs.org/@angular/core/-/core-12.0.3.tgz",
      "integrity": "sha512-wGsu7wMeBQNN5ShJsLpzkCfBk6h089ZIf9bUMytNWAvLd+MGqP7f6D1ua9+ul62VNyBFtWgQLK/38E6J+9OPYg==",
      "peer": true,
      "dependencies": {
        "tslib": "^2.1.0"
      },
      "engines": {
        "node": "^12.14.1 || >=14.0.0"
      },
      "peerDependencies": {
        "rxjs": "^6.5.3",
        "zone.js": "~0.11.4"
      }
    },
    "node_modules/@angular/forms": {
      "version": "12.0.3",
      "resolved": "https://registry.npmjs.org/@angular/forms/-/forms-12.0.3.tgz",
      "integrity": "sha512-AdOX8epoXgges1hchv5hYRhO6iOZhjSfEmJkVCpInq08evVG7ON/FjN3n4bP4xRHrpNB63rIzoSraD3AYw8A/A==",
      "peer": true,
      "dependencies": {
        "tslib": "^2.1.0"
      },
      "engines": {
        "node": "^12.14.1 || >=14.0.0"
      },
      "peerDependencies": {
        "@angular/common": "12.0.3",
        "@angular/core": "12.0.3",
        "@angular/platform-browser": "12.0.3",
        "rxjs": "^6.5.3"
      }
    },
    "node_modules/@angular/platform-browser": {
      "version": "12.0.3",
      "resolved": "https://registry.npmjs.org/@angular/platform-browser/-/platform-browser-12.0.3.tgz",
      "integrity": "sha512-mHcjOxnRWv1G45npbyMknROCx+LmJemYoSERrhi+fBfv00zdJlZn+TcNIgg90xsBiP4C2d1+GMk0w8I0LYl6bQ==",
      "peer": true,
      "dependencies": {
        "tslib": "^2.1.0"
      },
      "engines": {
        "node": "^12.14.1 || >=14.0.0"
      },
      "peerDependencies": {
        "@angular/animations": "12.0.3",
        "@angular/common": "12.0.3",
        "@angular/core": "12.0.3"
      },
      "peerDependenciesMeta": {
        "@angular/animations": {
          "optional": true
        }
      }
    },
    "node_modules/rxjs": {
      "version": "6.6.7",
      "resolved": "https://registry.npmjs.org/rxjs/-/rxjs-6.6.7.tgz",
      "integrity": "sha512-hTdwr+7yYNIT5n4AMYp85KA6yw2Va0FLa3Rguvbpa4W3I5xynaBZo41cM3XM+4Q6fRMj3sBYIR1VAmZMXYJvRQ==",
      "peer": true,
      "dependencies": {
        "tslib": "^1.9.0"
      },
      "engines": {
        "npm": ">=2.0.0"
      }
    },
    "node_modules/rxjs/node_modules/tslib": {
      "version": "1.14.1",
      "resolved": "https://registry.npmjs.org/tslib/-/tslib-1.14.1.tgz",
      "integrity": "sha512-Xni35NKzjgMrwevysHTCArtLDpPvye8zV/0E4EyYn43P7/7qvQwPh9BGkHewbMulVntbigmcT7rdX3BNo9wRJg==",
      "peer": true
    },
    "node_modules/tslib": {
      "version": "2.2.0",
      "resolved": "https://registry.npmjs.org/tslib/-/tslib-2.2.0.tgz",
      "integrity": "sha512-gS9GVHRU+RGn5KQM2rllAlR3dU6m7AcpJKdtH8gFvQiC4Otgk98XnmMU+nZenHt/+VhnBPWwgrJsyrdcw6i23w=="
    },
    "node_modules/zone.js": {
      "version": "0.11.4",
      "resolved": "https://registry.npmjs.org/zone.js/-/zone.js-0.11.4.tgz",
      "integrity": "sha512-DDh2Ab+A/B+9mJyajPjHFPWfYU1H+pdun4wnnk0OcQTNjem1XQSZ2CDW+rfZEUDjv5M19SBqAkjZi0x5wuB5Qw==",
      "peer": true,
      "dependencies": {
        "tslib": "^2.0.0"
      }
    }
  },
  "dependencies": {
    "@angular/common": {
      "version": "12.0.3",
      "resolved": "https://registry.npmjs.org/@angular/common/-/common-12.0.3.tgz",
      "integrity": "sha512-Y5wm7kr8XjS3Rsy2eitJxd9F1Z+pTWjioTg4o1PEUvsKwahGvJ+G3brNejswoTkj8YJjRTrUPyyW8JT+nWGkbA==",
      "peer": true,
      "requires": {
        "tslib": "^2.1.0"
      }
    },
    "@angular/core": {
      "version": "12.0.3",
      "resolved": "https://registry.npmjs.org/@angular/core/-/core-12.0.3.tgz",
      "integrity": "sha512-wGsu7wMeBQNN5ShJsLpzkCfBk6h089ZIf9bUMytNWAvLd+MGqP7f6D1ua9+ul62VNyBFtWgQLK/38E6J+9OPYg==",
      "peer": true,
      "requires": {
        "tslib": "^2.1.0"
      }
    },
    "@angular/forms": {
      "version": "12.0.3",
      "resolved": "https://registry.npmjs.org/@angular/forms/-/forms-12.0.3.tgz",
      "integrity": "sha512-AdOX8epoXgges1hchv5hYRhO6iOZhjSfEmJkVCpInq08evVG7ON/FjN3n4bP4xRHrpNB63rIzoSraD3AYw8A/A==",
      "peer": true,
      "requires": {
        "tslib": "^2.1.0"
      }
    },
    "@angular/platform-browser": {
      "version": "12.0.3",
      "resolved": "https://registry.npmjs.org/@angular/platform-browser/-/platform-browser-12.0.3.tgz",
      "integrity": "sha512-mHcjOxnRWv1G45npbyMknROCx+LmJemYoSERrhi+fBfv00zdJlZn+TcNIgg90xsBiP4C2d1+GMk0w8I0LYl6bQ==",
      "peer": true,
      "requires": {
        "tslib": "^2.1.0"
      }
    },
    "rxjs": {
      "version": "6.6.7",
      "resolved": "https://registry.npmjs.org/rxjs/-/rxjs-6.6.7.tgz",
      "integrity": "sha512-hTdwr+7yYNIT5n4AMYp85KA6yw2Va0FLa3Rguvbpa4W3I5xynaBZo41cM3XM+4Q6fRMj3sBYIR1VAmZMXYJvRQ==",
      "peer": true,
      "requires": {
        "tslib": "^1.9.0"
      },
      "dependencies": {
        "tslib": {
          "version": "1.14.1",
          "resolved": "https://registry.npmjs.org/tslib/-/tslib-1.14.1.tgz",
          "integrity": "sha512-Xni35NKzjgMrwevysHTCArtLDpPvye8zV/0E4EyYn43P7/7qvQwPh9BGkHewbMulVntbigmcT7rdX3BNo9wRJg==",
          "peer": true
        }
      }
    },
    "tslib": {
      "version": "2.2.0",
      "resolved": "https://registry.npmjs.org/tslib/-/tslib-2.2.0.tgz",
      "integrity": "sha512-gS9GVHRU+RGn5KQM2rllAlR3dU6m7AcpJKdtH8gFvQiC4Otgk98XnmMU+nZenHt/+VhnBPWwgrJsyrdcw6i23w=="
    },
    "zone.js": {
      "version": "0.11.4",
      "resolved": "https://registry.npmjs.org/zone.js/-/zone.js-0.11.4.tgz",
      "integrity": "sha512-DDh2Ab+A/B+9mJyajPjHFPWfYU1H+pdun4wnnk0OcQTNjem1XQSZ2CDW+rfZEUDjv5M19SBqAkjZi0x5wuB5Qw==",
      "peer": true,
      "requires": {
        "tslib": "^2.0.0"
      }
    }
  }
}
